
Microsoft Visual Studio Solution File, Format Version 12.00
# Visual Studio Version 17
VisualStudioVersion = 17.10.35027.167
MinimumVisualStudioVersion = 10.0.40219.1
Project("{FAE04EC0-301F-11D3-BF4B-00C04F79EFBC}") = "NEXTI_API_REST", "NEXTI_API_REST\NEXTI_API_REST.csproj", "{6BBD0875-DBFB-4BEC-B9BF-4CF590C7F842}"
EndProject
Global
	GlobalSection(SolutionConfigurationPlatforms) = preSolution
		Debug|Any CPU = Debug|Any CPU
		Release|Any CPU = Release|Any CPU
	EndGlobalSection
	GlobalSection(ProjectConfigurationPlatforms) = postSolution
		{6BBD0875-DBFB-4BEC-B9BF-4CF590C7F842}.Debug|Any CPU.ActiveCfg = Debug|Any CPU
		{6BBD0875-DBFB-4BEC-B9BF-4CF590C7F842}.Debug|Any CPU.Build.0 = Debug|Any CPU
		{6BBD0875-DBFB-4BEC-B9BF-4CF590C7F842}.Release|Any CPU.ActiveCfg = Release|Any CPU
		{6BBD0875-DBFB-4BEC-B9BF-4CF590C7F842}.Release|Any CPU.Build.0 = Release|Any CPU
	EndGlobalSection
	GlobalSection(SolutionProperties) = preSolution
		HideSolutionNode = FALSE
	EndGlobalSection
	GlobalSection(ExtensibilityGlobals) = postSolution
		SolutionGuid = {65C76CC9-6E3E-4EB6-B7D1-302AC9299025}
	EndGlobalSection
EndGlobal
